
Microsoft Visual Studio Solution File, Format Version 12.00
# Visual Studio Version 17
VisualStudioVersion = 17.9.34723.18
MinimumVisualStudioVersion = 10.0.40219.1
Project("{FAE04EC0-301F-11D3-BF4B-00C04F79EFBC}") = "RealEstate_Dapper_Api", "RealEstate_Dapper_Api\RealEstate_Dapper_Api.csproj", "{869E83E2-34F4-4720-BB1C-DD00553826ED}"
EndProject
Project("{FAE04EC0-301F-11D3-BF4B-00C04F79EFBC}") = "RealEstate_Dapper_UI", "RealEstate_Dapper_UI\RealEstate_Dapper_UI.csproj", "{F1FD1E16-BFCC-45CC-9D1B-11DD8FEBA8CD}"
EndProject
Global
	GlobalSection(SolutionConfigurationPlatforms) = preSolution
		Debug|Any CPU = Debug|Any CPU
		Release|Any CPU = Release|Any CPU
	EndGlobalSection
	GlobalSection(ProjectConfigurationPlatforms) = postSolution
		{869E83E2-34F4-4720-BB1C-DD00553826ED}.Debug|Any CPU.ActiveCfg = Debug|Any CPU
		{869E83E2-34F4-4720-BB1C-DD00553826ED}.Debug|Any CPU.Build.0 = Debug|Any CPU
		{869E83E2-34F4-4720-BB1C-DD00553826ED}.Release|Any CPU.ActiveCfg = Release|Any CPU
		{869E83E2-34F4-4720-BB1C-DD00553826ED}.Release|Any CPU.Build.0 = Release|Any CPU
		{F1FD1E16-BFCC-45CC-9D1B-11DD8FEBA8CD}.Debug|Any CPU.ActiveCfg = Debug|Any CPU
		{F1FD1E16-BFCC-45CC-9D1B-11DD8FEBA8CD}.Debug|Any CPU.Build.0 = Debug|Any CPU
		{F1FD1E16-BFCC-45CC-9D1B-11DD8FEBA8CD}.Release|Any CPU.ActiveCfg = Release|Any CPU
		{F1FD1E16-BFCC-45CC-9D1B-11DD8FEBA8CD}.Release|Any CPU.Build.0 = Release|Any CPU
	EndGlobalSection
	GlobalSection(SolutionProperties) = preSolution
		HideSolutionNode = FALSE
	EndGlobalSection
	GlobalSection(ExtensibilityGlobals) = postSolution
		SolutionGuid = {45033654-7253-4279-BDCD-C215E5909E0F}
	EndGlobalSection
EndGlobal
